
Microsoft Visual Studio Solution File, Format Version 12.00
# Visual Studio Version 17
VisualStudioVersion = 17.12.35707.178
MinimumVisualStudioVersion = 10.0.40219.1
Project("{FAE04EC0-301F-11D3-BF4B-00C04F79EFBC}") = "WumpusTest", "WumpusTest\WumpusTest.csproj", "{807405D5-0528-470D-A63D-5CCDE3EFBABD}"
EndProject
Project("{FAE04EC0-301F-11D3-BF4B-00C04F79EFBC}") = "GameControl", "GameControl\GameControl.csproj", "{6A8A2306-9E6E-45D5-AF16-B1D27D407DC2}"
EndProject
Project("{FAE04EC0-301F-11D3-BF4B-00C04F79EFBC}") = "GameControl Test", "GameControl Test\GameControl Test.csproj", "{0A3A4259-D664-444F-BD9B-BFD55F07F50D}"
EndProject
Global
	GlobalSection(SolutionConfigurationPlatforms) = preSolution
		Debug|Any CPU = Debug|Any CPU
		Release|Any CPU = Release|Any CPU
	EndGlobalSection
	GlobalSection(ProjectConfigurationPlatforms) = postSolution
		{807405D5-0528-470D-A63D-5CCDE3EFBABD}.Debug|Any CPU.ActiveCfg = Debug|Any CPU
		{807405D5-0528-470D-A63D-5CCDE3EFBABD}.Debug|Any CPU.Build.0 = Debug|Any CPU
		{807405D5-0528-470D-A63D-5CCDE3EFBABD}.Release|Any CPU.ActiveCfg = Release|Any CPU
		{807405D5-0528-470D-A63D-5CCDE3EFBABD}.Release|Any CPU.Build.0 = Release|Any CPU
		{6A8A2306-9E6E-45D5-AF16-B1D27D407DC2}.Debug|Any CPU.ActiveCfg = Debug|Any CPU
		{6A8A2306-9E6E-45D5-AF16-B1D27D407DC2}.Debug|Any CPU.Build.0 = Debug|Any CPU
		{6A8A2306-9E6E-45D5-AF16-B1D27D407DC2}.Release|Any CPU.ActiveCfg = Release|Any CPU
		{6A8A2306-9E6E-45D5-AF16-B1D27D407DC2}.Release|Any CPU.Build.0 = Release|Any CPU
		{0A3A4259-D664-444F-BD9B-BFD55F07F50D}.Debug|Any CPU.ActiveCfg = Debug|Any CPU
		{0A3A4259-D664-444F-BD9B-BFD55F07F50D}.Debug|Any CPU.Build.0 = Debug|Any CPU
		{0A3A4259-D664-444F-BD9B-BFD55F07F50D}.Release|Any CPU.ActiveCfg = Release|Any CPU
		{0A3A4259-D664-444F-BD9B-BFD55F07F50D}.Release|Any CPU.Build.0 = Release|Any CPU
	EndGlobalSection
	GlobalSection(SolutionProperties) = preSolution
		HideSolutionNode = FALSE
	EndGlobalSection
EndGlobal
