
Microsoft Visual Studio Solution File, Format Version 12.00
# Visual Studio Version 17
VisualStudioVersion = 17.12.35707.178
MinimumVisualStudioVersion = 10.0.40219.1
Project("{FAE04EC0-301F-11D3-BF4B-00C04F79EFBC}") = "CaveTest", "CaveTest\CaveTest.csproj", "{D484FC2D-3F57-455F-9B72-CA03EF12F984}"
EndProject
Project("{FAE04EC0-301F-11D3-BF4B-00C04F79EFBC}") = "GameControl", "GameControl\GameControl.csproj", "{6A8A2306-9E6E-45D5-AF16-B1D27D407DC2}"
EndProject
Project("{FAE04EC0-301F-11D3-BF4B-00C04F79EFBC}") = "GameLocation", "GameLocation\GameLocation.csproj", "{4A34550F-1EDB-4B08-ADE9-949D4BBF38E0}"
EndProject
Project("{FAE04EC0-301F-11D3-BF4B-00C04F79EFBC}") = "GameControl Test", "GameControl Test\GameControl Test.csproj", "{0A3A4259-D664-444F-BD9B-BFD55F07F50D}"
EndProject
Project("{FAE04EC0-301F-11D3-BF4B-00C04F79EFBC}") = "High_Score", "High_Score\High_Score.csproj", "{F6322F14-3D7A-4D6D-8327-B82943DE28B6}"
EndProject
Project("{FAE04EC0-301F-11D3-BF4B-00C04F79EFBC}") = "UI", "UI\UI.csproj", "{A42B58C1-02A7-447B-ABF6-5342772F7B68}"
EndProject
Project("{FAE04EC0-301F-11D3-BF4B-00C04F79EFBC}") = "Cave", "Cave\Cave.csproj", "{707DD2DF-1F13-44A7-AC94-439C845B09D1}"
EndProject
Project("{FAE04EC0-301F-11D3-BF4B-00C04F79EFBC}") = "High_Score_Test", "High_Score_Test\High_Score_Test.csproj", "{53BED090-8BB6-43B2-84B2-D3CFB8345F60}"
EndProject
Global
	GlobalSection(SolutionConfigurationPlatforms) = preSolution
		Debug|Any CPU = Debug|Any CPU
		Release|Any CPU = Release|Any CPU
	EndGlobalSection
	GlobalSection(ProjectConfigurationPlatforms) = postSolution
		{D484FC2D-3F57-455F-9B72-CA03EF12F984}.Debug|Any CPU.ActiveCfg = Debug|Any CPU
		{D484FC2D-3F57-455F-9B72-CA03EF12F984}.Debug|Any CPU.Build.0 = Debug|Any CPU
		{D484FC2D-3F57-455F-9B72-CA03EF12F984}.Release|Any CPU.ActiveCfg = Release|Any CPU
		{D484FC2D-3F57-455F-9B72-CA03EF12F984}.Release|Any CPU.Build.0 = Release|Any CPU
		{6A8A2306-9E6E-45D5-AF16-B1D27D407DC2}.Debug|Any CPU.ActiveCfg = Debug|Any CPU
		{6A8A2306-9E6E-45D5-AF16-B1D27D407DC2}.Debug|Any CPU.Build.0 = Debug|Any CPU
		{6A8A2306-9E6E-45D5-AF16-B1D27D407DC2}.Release|Any CPU.ActiveCfg = Release|Any CPU
		{6A8A2306-9E6E-45D5-AF16-B1D27D407DC2}.Release|Any CPU.Build.0 = Release|Any CPU
		{4A34550F-1EDB-4B08-ADE9-949D4BBF38E0}.Debug|Any CPU.ActiveCfg = Debug|Any CPU
		{4A34550F-1EDB-4B08-ADE9-949D4BBF38E0}.Debug|Any CPU.Build.0 = Debug|Any CPU
		{4A34550F-1EDB-4B08-ADE9-949D4BBF38E0}.Release|Any CPU.ActiveCfg = Release|Any CPU
		{4A34550F-1EDB-4B08-ADE9-949D4BBF38E0}.Release|Any CPU.Build.0 = Release|Any CPU
		{0A3A4259-D664-444F-BD9B-BFD55F07F50D}.Debug|Any CPU.ActiveCfg = Debug|Any CPU
		{0A3A4259-D664-444F-BD9B-BFD55F07F50D}.Debug|Any CPU.Build.0 = Debug|Any CPU
		{0A3A4259-D664-444F-BD9B-BFD55F07F50D}.Release|Any CPU.ActiveCfg = Release|Any CPU
		{0A3A4259-D664-444F-BD9B-BFD55F07F50D}.Release|Any CPU.Build.0 = Release|Any CPU
		{F6322F14-3D7A-4D6D-8327-B82943DE28B6}.Debug|Any CPU.ActiveCfg = Debug|Any CPU
		{F6322F14-3D7A-4D6D-8327-B82943DE28B6}.Debug|Any CPU.Build.0 = Debug|Any CPU
		{F6322F14-3D7A-4D6D-8327-B82943DE28B6}.Release|Any CPU.ActiveCfg = Release|Any CPU
		{F6322F14-3D7A-4D6D-8327-B82943DE28B6}.Release|Any CPU.Build.0 = Release|Any CPU
		{A42B58C1-02A7-447B-ABF6-5342772F7B68}.Debug|Any CPU.ActiveCfg = Debug|Any CPU
		{A42B58C1-02A7-447B-ABF6-5342772F7B68}.Debug|Any CPU.Build.0 = Debug|Any CPU
		{A42B58C1-02A7-447B-ABF6-5342772F7B68}.Release|Any CPU.ActiveCfg = Release|Any CPU
		{A42B58C1-02A7-447B-ABF6-5342772F7B68}.Release|Any CPU.Build.0 = Release|Any CPU
		{707DD2DF-1F13-44A7-AC94-439C845B09D1}.Debug|Any CPU.ActiveCfg = Debug|Any CPU
		{707DD2DF-1F13-44A7-AC94-439C845B09D1}.Debug|Any CPU.Build.0 = Debug|Any CPU
		{707DD2DF-1F13-44A7-AC94-439C845B09D1}.Release|Any CPU.ActiveCfg = Release|Any CPU
		{707DD2DF-1F13-44A7-AC94-439C845B09D1}.Release|Any CPU.Build.0 = Release|Any CPU
		{53BED090-8BB6-43B2-84B2-D3CFB8345F60}.Debug|Any CPU.ActiveCfg = Debug|Any CPU
		{53BED090-8BB6-43B2-84B2-D3CFB8345F60}.Debug|Any CPU.Build.0 = Debug|Any CPU
		{53BED090-8BB6-43B2-84B2-D3CFB8345F60}.Release|Any CPU.ActiveCfg = Release|Any CPU
		{53BED090-8BB6-43B2-84B2-D3CFB8345F60}.Release|Any CPU.Build.0 = Release|Any CPU
	EndGlobalSection
	GlobalSection(SolutionProperties) = preSolution
		HideSolutionNode = FALSE
	EndGlobalSection
EndGlobal
