
Microsoft Visual Studio Solution File, Format Version 12.00
# Visual Studio Version 17
VisualStudioVersion = 17.12.35707.178
MinimumVisualStudioVersion = 10.0.40219.1
Project("{FAE04EC0-301F-11D3-BF4B-00C04F79EFBC}") = "CaveTest", "CaveTest\CaveTest.csproj", "{D484FC2D-3F57-455F-9B72-CA03EF12F984}"
EndProject
Project("{FAE04EC0-301F-11D3-BF4B-00C04F79EFBC}") = "GameControl", "GameControl\GameControl.csproj", "{6A8A2306-9E6E-45D5-AF16-B1D27D407DC2}"
	ProjectSection(ProjectDependencies) = postProject
		{FB408D19-116C-42CB-999D-15FEA1B16E80} = {FB408D19-116C-42CB-999D-15FEA1B16E80}
	EndProjectSection
EndProject
Project("{FAE04EC0-301F-11D3-BF4B-00C04F79EFBC}") = "High_Score", "High_Score\High_Score.csproj", "{F6322F14-3D7A-4D6D-8327-B82943DE28B6}"
EndProject
Project("{FAE04EC0-301F-11D3-BF4B-00C04F79EFBC}") = "UI", "UI\UI.csproj", "{A42B58C1-02A7-447B-ABF6-5342772F7B68}"
EndProject
Project("{FAE04EC0-301F-11D3-BF4B-00C04F79EFBC}") = "Cave", "Cave\Cave.csproj", "{707DD2DF-1F13-44A7-AC94-439C845B09D1}"
EndProject
Project("{FAE04EC0-301F-11D3-BF4B-00C04F79EFBC}") = "High_Score_Test", "High_Score_Test\High_Score_Test.csproj", "{53BED090-8BB6-43B2-84B2-D3CFB8345F60}"
EndProject
Project("{FAE04EC0-301F-11D3-BF4B-00C04F79EFBC}") = "GameLocationTest2", "GameLocationTest2\GameLocationTest2.csproj", "{F94D45AC-147B-4A12-A813-8924072A84EA}"
	ProjectSection(ProjectDependencies) = postProject
		{FB408D19-116C-42CB-999D-15FEA1B16E80} = {FB408D19-116C-42CB-999D-15FEA1B16E80}
	EndProjectSection
EndProject
Project("{FAE04EC0-301F-11D3-BF4B-00C04F79EFBC}") = "Player", "Player\Player.csproj", "{A5897DDA-1B43-4434-ADD0-95AD0C7C744F}"
	ProjectSection(ProjectDependencies) = postProject
		{FB408D19-116C-42CB-999D-15FEA1B16E80} = {FB408D19-116C-42CB-999D-15FEA1B16E80}
	EndProjectSection
EndProject
Project("{FAE04EC0-301F-11D3-BF4B-00C04F79EFBC}") = "GameLocation", "GameLocation\GameLocation.csproj", "{FB408D19-116C-42CB-999D-15FEA1B16E80}"
EndProject
Project("{FAE04EC0-301F-11D3-BF4B-00C04F79EFBC}") = "Trivia", "Triva\Trivia.csproj", "{8EE5D438-1A9F-429B-9DFC-C3956C101BEB}"
EndProject
Project("{FAE04EC0-301F-11D3-BF4B-00C04F79EFBC}") = "TriviaTest", "TriviaTest\TriviaTest.csproj", "{EE121CF9-1F14-4398-930E-C1FBC1F3CF93}"
EndProject
Global
	GlobalSection(SolutionConfigurationPlatforms) = preSolution
		Debug|Any CPU = Debug|Any CPU
		Release|Any CPU = Release|Any CPU
	EndGlobalSection
	GlobalSection(ProjectConfigurationPlatforms) = postSolution
		{D484FC2D-3F57-455F-9B72-CA03EF12F984}.Debug|Any CPU.ActiveCfg = Debug|Any CPU
		{D484FC2D-3F57-455F-9B72-CA03EF12F984}.Debug|Any CPU.Build.0 = Debug|Any CPU
		{D484FC2D-3F57-455F-9B72-CA03EF12F984}.Release|Any CPU.ActiveCfg = Release|Any CPU
		{D484FC2D-3F57-455F-9B72-CA03EF12F984}.Release|Any CPU.Build.0 = Release|Any CPU
		{6A8A2306-9E6E-45D5-AF16-B1D27D407DC2}.Debug|Any CPU.ActiveCfg = Debug|Any CPU
		{6A8A2306-9E6E-45D5-AF16-B1D27D407DC2}.Debug|Any CPU.Build.0 = Debug|Any CPU
		{6A8A2306-9E6E-45D5-AF16-B1D27D407DC2}.Release|Any CPU.ActiveCfg = Release|Any CPU
		{6A8A2306-9E6E-45D5-AF16-B1D27D407DC2}.Release|Any CPU.Build.0 = Release|Any CPU
		{F6322F14-3D7A-4D6D-8327-B82943DE28B6}.Debug|Any CPU.ActiveCfg = Debug|Any CPU
		{F6322F14-3D7A-4D6D-8327-B82943DE28B6}.Debug|Any CPU.Build.0 = Debug|Any CPU
		{F6322F14-3D7A-4D6D-8327-B82943DE28B6}.Release|Any CPU.ActiveCfg = Release|Any CPU
		{F6322F14-3D7A-4D6D-8327-B82943DE28B6}.Release|Any CPU.Build.0 = Release|Any CPU
		{A42B58C1-02A7-447B-ABF6-5342772F7B68}.Debug|Any CPU.ActiveCfg = Debug|Any CPU
		{A42B58C1-02A7-447B-ABF6-5342772F7B68}.Debug|Any CPU.Build.0 = Debug|Any CPU
		{A42B58C1-02A7-447B-ABF6-5342772F7B68}.Release|Any CPU.ActiveCfg = Release|Any CPU
		{A42B58C1-02A7-447B-ABF6-5342772F7B68}.Release|Any CPU.Build.0 = Release|Any CPU
		{707DD2DF-1F13-44A7-AC94-439C845B09D1}.Debug|Any CPU.ActiveCfg = Debug|Any CPU
		{707DD2DF-1F13-44A7-AC94-439C845B09D1}.Debug|Any CPU.Build.0 = Debug|Any CPU
		{707DD2DF-1F13-44A7-AC94-439C845B09D1}.Release|Any CPU.ActiveCfg = Release|Any CPU
		{707DD2DF-1F13-44A7-AC94-439C845B09D1}.Release|Any CPU.Build.0 = Release|Any CPU
		{53BED090-8BB6-43B2-84B2-D3CFB8345F60}.Debug|Any CPU.ActiveCfg = Debug|Any CPU
		{53BED090-8BB6-43B2-84B2-D3CFB8345F60}.Debug|Any CPU.Build.0 = Debug|Any CPU
		{53BED090-8BB6-43B2-84B2-D3CFB8345F60}.Release|Any CPU.ActiveCfg = Release|Any CPU
		{53BED090-8BB6-43B2-84B2-D3CFB8345F60}.Release|Any CPU.Build.0 = Release|Any CPU
		{F94D45AC-147B-4A12-A813-8924072A84EA}.Debug|Any CPU.ActiveCfg = Debug|Any CPU
		{F94D45AC-147B-4A12-A813-8924072A84EA}.Debug|Any CPU.Build.0 = Debug|Any CPU
		{F94D45AC-147B-4A12-A813-8924072A84EA}.Release|Any CPU.ActiveCfg = Release|Any CPU
		{F94D45AC-147B-4A12-A813-8924072A84EA}.Release|Any CPU.Build.0 = Release|Any CPU
<<<<<<< HEAD
		{8EE5D438-1A9F-429B-9DFC-C3956C101BEB}.Debug|Any CPU.ActiveCfg = Debug|Any CPU
		{8EE5D438-1A9F-429B-9DFC-C3956C101BEB}.Debug|Any CPU.Build.0 = Debug|Any CPU
		{8EE5D438-1A9F-429B-9DFC-C3956C101BEB}.Release|Any CPU.ActiveCfg = Release|Any CPU
		{8EE5D438-1A9F-429B-9DFC-C3956C101BEB}.Release|Any CPU.Build.0 = Release|Any CPU
		{EE121CF9-1F14-4398-930E-C1FBC1F3CF93}.Debug|Any CPU.ActiveCfg = Debug|Any CPU
		{EE121CF9-1F14-4398-930E-C1FBC1F3CF93}.Debug|Any CPU.Build.0 = Debug|Any CPU
		{EE121CF9-1F14-4398-930E-C1FBC1F3CF93}.Release|Any CPU.ActiveCfg = Release|Any CPU
		{EE121CF9-1F14-4398-930E-C1FBC1F3CF93}.Release|Any CPU.Build.0 = Release|Any CPU
=======
		{A5897DDA-1B43-4434-ADD0-95AD0C7C744F}.Debug|Any CPU.ActiveCfg = Debug|Any CPU
		{A5897DDA-1B43-4434-ADD0-95AD0C7C744F}.Debug|Any CPU.Build.0 = Debug|Any CPU
		{A5897DDA-1B43-4434-ADD0-95AD0C7C744F}.Release|Any CPU.ActiveCfg = Release|Any CPU
		{A5897DDA-1B43-4434-ADD0-95AD0C7C744F}.Release|Any CPU.Build.0 = Release|Any CPU
		{FB408D19-116C-42CB-999D-15FEA1B16E80}.Debug|Any CPU.ActiveCfg = Debug|Any CPU
		{FB408D19-116C-42CB-999D-15FEA1B16E80}.Debug|Any CPU.Build.0 = Debug|Any CPU
		{FB408D19-116C-42CB-999D-15FEA1B16E80}.Release|Any CPU.ActiveCfg = Release|Any CPU
		{FB408D19-116C-42CB-999D-15FEA1B16E80}.Release|Any CPU.Build.0 = Release|Any CPU
>>>>>>> 2152095c3c14e5673340df371627e609022e58ba
	EndGlobalSection
	GlobalSection(SolutionProperties) = preSolution
		HideSolutionNode = FALSE
	EndGlobalSection
EndGlobal
